# THIS IS AN AUTOGENERATED FILE. DO NOT EDIT THIS FILE DIRECTLY.
# yarn lockfile v1


"@bgfist/weact-redux@^1.0.1":
  version "1.0.1"
  resolved "https://registry.yarnpkg.com/@bgfist/weact-redux/-/weact-redux-1.0.1.tgz#6ad89fc797835f3fac4fa951758e46d0d574a2ca"
  integrity sha512-czQA7N6JV4gE5Ow1DzLgveohNJyVNEzU25QoBeUctCHfxP4xKC0LVMDEJZURHP1rlAdDq45PFeJqtrGveEeFYQ==
  dependencies:
    "@bgfist/weact" "^1.0.8"
    redux "^4.0.1"

"@bgfist/weact@^1.0.14", "@bgfist/weact@^1.0.8":
  version "1.0.14"
  resolved "https://registry.yarnpkg.com/@bgfist/weact/-/weact-1.0.14.tgz#cb07195c01da80639357470c2e70be89324d1360"
  integrity sha512-67hR2z4Gj+SfonVopJpt/w4d8MCvTyXTX8PT6PUNbQ7tDUYiRsRey3pEyLRmUL/50Xmsiat0cIVxHjF1afCMwQ==

"js-tokens@^3.0.0 || ^4.0.0":
  version "4.0.0"
  resolved "https://registry.yarnpkg.com/js-tokens/-/js-tokens-4.0.0.tgz#19203fb59991df98e3a287050d4647cdeaf32499"
  integrity sha512-RdJUflcE3cUzKiMqQgsCu06FPu9UdIJO0beYbPhHN4k6apgJtifcoCtT9bcxOpYBtpD2kCM6Sbzg4CausW/PKQ==

loose-envify@^1.4.0:
  version "1.4.0"
  resolved "https://registry.yarnpkg.com/loose-envify/-/loose-envify-1.4.0.tgz#71ee51fa7be4caec1a63839f7e682d8132d30caf"
  integrity sha512-lyuxPGr/Wfhrlem2CL/UcnUc1zcqKAImBDzukY7Y5F/yQiNdko6+fRLevlw1HgMySw7f611UIY408EtxRSoK3Q==
  dependencies:
    js-tokens "^3.0.0 || ^4.0.0"

redux@^4.0.1:
  version "4.0.4"
  resolved "https://registry.yarnpkg.com/redux/-/redux-4.0.4.tgz#4ee1aeb164b63d6a1bcc57ae4aa0b6e6fa7a3796"
  integrity sha512-vKv4WdiJxOWKxK0yRoaK3Y4pxxB0ilzVx6dszU2W8wLxlb2yikRph4iV/ymtdJ6ZxpBLFbyrxklnT5yBbQSl3Q==
  dependencies:
    loose-envify "^1.4.0"
    symbol-observable "^1.2.0"

symbol-observable@^1.2.0:
  version "1.2.0"
  resolved "https://registry.yarnpkg.com/symbol-observable/-/symbol-observable-1.2.0.tgz#c22688aed4eab3cdc2dfeacbb561660560a00804"
  integrity sha512-e900nM8RRtGhlV36KGEU9k65K3mPb1WV70OdjfxlG2EAuM1noi/E/BaW/uMhL7bPEssK8QV57vN3esixjUvcXQ==
